// !$*UTF8*$!
{
	archiveVersion = 1;
	classes = {
	};
	objectVersion = 46;
	objects = {

/* Begin PBXBuildFile section */
		D03329A71C29BC9100540124 /* list@3x.png in Resources */ = {isa = PBXBuildFile; fileRef = D03329A61C29BC9100540124 /* list@3x.png */; };
		D03329AD1C29C6DE00540124 /* close-button@3x.png in Resources */ = {isa = PBXBuildFile; fileRef = D03329AC1C29C6DE00540124 /* close-button@3x.png */; };
		D03329B11C29CA8500540124 /* small-logo@3x.png in Resources */ = {isa = PBXBuildFile; fileRef = D03329B01C29CA8500540124 /* small-logo@3x.png */; };
		D03329B31C2B1B5E00540124 /* Gun.swift in Sources */ = {isa = PBXBuildFile; fileRef = D03329B21C2B1B5E00540124 /* Gun.swift */; };
		D03329C31C2B402D00540124 /* base@3x.png in Resources */ = {isa = PBXBuildFile; fileRef = D03329C21C2B402D00540124 /* base@3x.png */; };
		D03329C51C2B430D00540124 /* dark-forest@2x.png in Resources */ = {isa = PBXBuildFile; fileRef = D03329C41C2B430D00540124 /* dark-forest@2x.png */; };
		D03329C71C2B919B00540124 /* Missle.swift in Sources */ = {isa = PBXBuildFile; fileRef = D03329C61C2B919B00540124 /* Missle.swift */; };
		D03329C91C2CA13700540124 /* CollisionCategories.swift in Sources */ = {isa = PBXBuildFile; fileRef = D03329C81C2CA13700540124 /* CollisionCategories.swift */; };
		D064954F1C3EC8E800F086F5 /* pause-button@3x.png in Resources */ = {isa = PBXBuildFile; fileRef = D064954E1C3EC8E800F086F5 /* pause-button@3x.png */; };
		D06495511C3EC9D000F086F5 /* LevelScore.swift in Sources */ = {isa = PBXBuildFile; fileRef = D06495501C3EC9D000F086F5 /* LevelScore.swift */; };
		D06495531C3ECA1C00F086F5 /* LevelStats.swift in Sources */ = {isa = PBXBuildFile; fileRef = D06495521C3ECA1C00F086F5 /* LevelStats.swift */; };
		D06D72A91C285FC100119636 /* AppDelegate.swift in Sources */ = {isa = PBXBuildFile; fileRef = D06D72A81C285FC100119636 /* AppDelegate.swift */; };
		D06D72AD1C285FC100119636 /* LoadingScene.swift in Sources */ = {isa = PBXBuildFile; fileRef = D06D72AC1C285FC100119636 /* LoadingScene.swift */; };
		D06D72AF1C285FC100119636 /* GameViewController.swift in Sources */ = {isa = PBXBuildFile; fileRef = D06D72AE1C285FC100119636 /* GameViewController.swift */; };
		D06D72B21C285FC100119636 /* Main.storyboard in Resources */ = {isa = PBXBuildFile; fileRef = D06D72B01C285FC100119636 /* Main.storyboard */; };
		D06D72B41C285FC100119636 /* Assets.xcassets in Resources */ = {isa = PBXBuildFile; fileRef = D06D72B31C285FC100119636 /* Assets.xcassets */; };
		D06D72B71C285FC100119636 /* LaunchScreen.storyboard in Resources */ = {isa = PBXBuildFile; fileRef = D06D72B51C285FC100119636 /* LaunchScreen.storyboard */; };
		D06D72C21C285FC100119636 /* SkyDefenderTests.swift in Sources */ = {isa = PBXBuildFile; fileRef = D06D72C11C285FC100119636 /* SkyDefenderTests.swift */; };
		D06D72CE1C28610E00119636 /* splash-image@3x.png in Resources */ = {isa = PBXBuildFile; fileRef = D06D72CD1C28610E00119636 /* splash-image@3x.png */; };
		D06D72D01C28646000119636 /* LevelSelectScene.swift in Sources */ = {isa = PBXBuildFile; fileRef = D06D72CF1C28646000119636 /* LevelSelectScene.swift */; };
		D06D72D21C287C1400119636 /* Util.swift in Sources */ = {isa = PBXBuildFile; fileRef = D06D72D11C287C1400119636 /* Util.swift */; };
		D06D72D41C287EA800119636 /* LevelScene.swift in Sources */ = {isa = PBXBuildFile; fileRef = D06D72D31C287EA800119636 /* LevelScene.swift */; };
		D06D72D61C28831800119636 /* Level.swift in Sources */ = {isa = PBXBuildFile; fileRef = D06D72D51C28831800119636 /* Level.swift */; };
		D0BC757D1C42010E002A6FB9 /* PointTrait.swift in Sources */ = {isa = PBXBuildFile; fileRef = D0BC757C1C42010E002A6FB9 /* PointTrait.swift */; };
		D0C900F51C28E9DA00E4BA73 /* PauseModal.swift in Sources */ = {isa = PBXBuildFile; fileRef = D0C900F41C28E9DA00E4BA73 /* PauseModal.swift */; };
		D0F495251C31E27200B68198 /* Plane.swift in Sources */ = {isa = PBXBuildFile; fileRef = D0F495241C31E27200B68198 /* Plane.swift */; };
		D0F495271C31E3AE00B68198 /* plane@3x.png in Resources */ = {isa = PBXBuildFile; fileRef = D0F495261C31E3AE00B68198 /* plane@3x.png */; };
		D0F495291C32E30900B68198 /* MovingBodyTrait.swift in Sources */ = {isa = PBXBuildFile; fileRef = D0F495281C32E30900B68198 /* MovingBodyTrait.swift */; };
		D0F4952B1C34384900B68198 /* Life.swift in Sources */ = {isa = PBXBuildFile; fileRef = D0F4952A1C34384900B68198 /* Life.swift */; };
		D0F4952D1C343F1900B68198 /* Explosion.swift in Sources */ = {isa = PBXBuildFile; fileRef = D0F4952C1C343F1900B68198 /* Explosion.swift */; };
		D0F4952F1C35E2C000B68198 /* LevelPlane.swift in Sources */ = {isa = PBXBuildFile; fileRef = D0F4952E1C35E2C000B68198 /* LevelPlane.swift */; };
		D0FCF64F1C36E01F00C8EF98 /* Bomb.swift in Sources */ = {isa = PBXBuildFile; fileRef = D0FCF64E1C36E01F00C8EF98 /* Bomb.swift */; };
		D0FCF6531C36FD3500C8EF98 /* bomb@3x.png in Resources */ = {isa = PBXBuildFile; fileRef = D0FCF6521C36FD3500C8EF98 /* bomb@3x.png */; };
		D0FCF6551C3711BF00C8EF98 /* Base.swift in Sources */ = {isa = PBXBuildFile; fileRef = D0FCF6541C3711BF00C8EF98 /* Base.swift */; };
		D0FCF6571C38859D00C8EF98 /* gun@3x.png in Resources */ = {isa = PBXBuildFile; fileRef = D0FCF6561C38859D00C8EF98 /* gun@3x.png */; };
		D0FCF6591C39B8AF00C8EF98 /* restart@3x.png in Resources */ = {isa = PBXBuildFile; fileRef = D0FCF6581C39B8AF00C8EF98 /* restart@3x.png */; };
		D0FCF65B1C39CD0500C8EF98 /* BaseHealthBar.swift in Sources */ = {isa = PBXBuildFile; fileRef = D0FCF65A1C39CD0500C8EF98 /* BaseHealthBar.swift */; };
/* End PBXBuildFile section */

/* Begin PBXContainerItemProxy section */
		D06D72BE1C285FC100119636 /* PBXContainerItemProxy */ = {
			isa = PBXContainerItemProxy;
			containerPortal = D06D729D1C285FC100119636 /* Project object */;
			proxyType = 1;
			remoteGlobalIDString = D06D72A41C285FC100119636;
			remoteInfo = SkyDefender;
		};
/* End PBXContainerItemProxy section */

/* Begin PBXFileReference section */
		D03329A61C29BC9100540124 /* list@3x.png */ = {isa = PBXFileReference; lastKnownFileType = image.png; path = "list@3x.png"; sourceTree = "<group>"; };
		D03329AC1C29C6DE00540124 /* close-button@3x.png */ = {isa = PBXFileReference; lastKnownFileType = image.png; path = "close-button@3x.png"; sourceTree = "<group>"; };
		D03329B01C29CA8500540124 /* small-logo@3x.png */ = {isa = PBXFileReference; lastKnownFileType = image.png; path = "small-logo@3x.png"; sourceTree = "<group>"; };
		D03329B21C2B1B5E00540124 /* Gun.swift */ = {isa = PBXFileReference; fileEncoding = 4; lastKnownFileType = sourcecode.swift; path = Gun.swift; sourceTree = "<group>"; };
		D03329C21C2B402D00540124 /* base@3x.png */ = {isa = PBXFileReference; lastKnownFileType = image.png; path = "base@3x.png"; sourceTree = "<group>"; };
		D03329C41C2B430D00540124 /* dark-forest@2x.png */ = {isa = PBXFileReference; lastKnownFileType = image.png; path = "dark-forest@2x.png"; sourceTree = "<group>"; };
		D03329C61C2B919B00540124 /* Missle.swift */ = {isa = PBXFileReference; fileEncoding = 4; lastKnownFileType = sourcecode.swift; path = Missle.swift; sourceTree = "<group>"; };
		D03329C81C2CA13700540124 /* CollisionCategories.swift */ = {isa = PBXFileReference; fileEncoding = 4; lastKnownFileType = sourcecode.swift; path = CollisionCategories.swift; sourceTree = "<group>"; };
		D064954E1C3EC8E800F086F5 /* pause-button@3x.png */ = {isa = PBXFileReference; lastKnownFileType = image.png; path = "pause-button@3x.png"; sourceTree = "<group>"; };
		D06495501C3EC9D000F086F5 /* LevelScore.swift */ = {isa = PBXFileReference; fileEncoding = 4; lastKnownFileType = sourcecode.swift; path = LevelScore.swift; sourceTree = "<group>"; };
		D06495521C3ECA1C00F086F5 /* LevelStats.swift */ = {isa = PBXFileReference; fileEncoding = 4; lastKnownFileType = sourcecode.swift; path = LevelStats.swift; sourceTree = "<group>"; };
		D06D72A51C285FC100119636 /* SkyDefender.app */ = {isa = PBXFileReference; explicitFileType = wrapper.application; includeInIndex = 0; path = SkyDefender.app; sourceTree = BUILT_PRODUCTS_DIR; };
		D06D72A81C285FC100119636 /* AppDelegate.swift */ = {isa = PBXFileReference; lastKnownFileType = sourcecode.swift; path = AppDelegate.swift; sourceTree = "<group>"; };
		D06D72AC1C285FC100119636 /* LoadingScene.swift */ = {isa = PBXFileReference; lastKnownFileType = sourcecode.swift; path = LoadingScene.swift; sourceTree = "<group>"; };
		D06D72AE1C285FC100119636 /* GameViewController.swift */ = {isa = PBXFileReference; lastKnownFileType = sourcecode.swift; path = GameViewController.swift; sourceTree = "<group>"; };
		D06D72B11C285FC100119636 /* Base */ = {isa = PBXFileReference; lastKnownFileType = file.storyboard; name = Base; path = Base.lproj/Main.storyboard; sourceTree = "<group>"; };
		D06D72B31C285FC100119636 /* Assets.xcassets */ = {isa = PBXFileReference; lastKnownFileType = folder.assetcatalog; path = Assets.xcassets; sourceTree = "<group>"; };
		D06D72B61C285FC100119636 /* Base */ = {isa = PBXFileReference; lastKnownFileType = file.storyboard; name = Base; path = Base.lproj/LaunchScreen.storyboard; sourceTree = "<group>"; };
		D06D72B81C285FC100119636 /* Info.plist */ = {isa = PBXFileReference; lastKnownFileType = text.plist.xml; path = Info.plist; sourceTree = "<group>"; };
		D06D72BD1C285FC100119636 /* SkyDefenderTests.xctest */ = {isa = PBXFileReference; explicitFileType = wrapper.cfbundle; includeInIndex = 0; path = SkyDefenderTests.xctest; sourceTree = BUILT_PRODUCTS_DIR; };
		D06D72C11C285FC100119636 /* SkyDefenderTests.swift */ = {isa = PBXFileReference; lastKnownFileType = sourcecode.swift; path = SkyDefenderTests.swift; sourceTree = "<group>"; };
		D06D72C31C285FC200119636 /* Info.plist */ = {isa = PBXFileReference; lastKnownFileType = text.plist.xml; path = Info.plist; sourceTree = "<group>"; };
		D06D72CD1C28610E00119636 /* splash-image@3x.png */ = {isa = PBXFileReference; lastKnownFileType = image.png; path = "splash-image@3x.png"; sourceTree = "<group>"; };
		D06D72CF1C28646000119636 /* LevelSelectScene.swift */ = {isa = PBXFileReference; fileEncoding = 4; lastKnownFileType = sourcecode.swift; path = LevelSelectScene.swift; sourceTree = "<group>"; };
		D06D72D11C287C1400119636 /* Util.swift */ = {isa = PBXFileReference; fileEncoding = 4; lastKnownFileType = sourcecode.swift; path = Util.swift; sourceTree = "<group>"; };
		D06D72D31C287EA800119636 /* LevelScene.swift */ = {isa = PBXFileReference; fileEncoding = 4; lastKnownFileType = sourcecode.swift; path = LevelScene.swift; sourceTree = "<group>"; };
		D06D72D51C28831800119636 /* Level.swift */ = {isa = PBXFileReference; fileEncoding = 4; lastKnownFileType = sourcecode.swift; path = Level.swift; sourceTree = "<group>"; };
		D0BC757C1C42010E002A6FB9 /* PointTrait.swift */ = {isa = PBXFileReference; fileEncoding = 4; lastKnownFileType = sourcecode.swift; path = PointTrait.swift; sourceTree = "<group>"; };
		D0C900F41C28E9DA00E4BA73 /* PauseModal.swift */ = {isa = PBXFileReference; fileEncoding = 4; lastKnownFileType = sourcecode.swift; path = PauseModal.swift; sourceTree = "<group>"; };
		D0F495241C31E27200B68198 /* Plane.swift */ = {isa = PBXFileReference; fileEncoding = 4; lastKnownFileType = sourcecode.swift; path = Plane.swift; sourceTree = "<group>"; };
		D0F495261C31E3AE00B68198 /* plane@3x.png */ = {isa = PBXFileReference; lastKnownFileType = image.png; path = "plane@3x.png"; sourceTree = "<group>"; };
		D0F495281C32E30900B68198 /* MovingBodyTrait.swift */ = {isa = PBXFileReference; fileEncoding = 4; lastKnownFileType = sourcecode.swift; path = MovingBodyTrait.swift; sourceTree = "<group>"; };
		D0F4952A1C34384900B68198 /* Life.swift */ = {isa = PBXFileReference; fileEncoding = 4; lastKnownFileType = sourcecode.swift; path = Life.swift; sourceTree = "<group>"; };
		D0F4952C1C343F1900B68198 /* Explosion.swift */ = {isa = PBXFileReference; fileEncoding = 4; lastKnownFileType = sourcecode.swift; path = Explosion.swift; sourceTree = "<group>"; };
		D0F4952E1C35E2C000B68198 /* LevelPlane.swift */ = {isa = PBXFileReference; fileEncoding = 4; lastKnownFileType = sourcecode.swift; path = LevelPlane.swift; sourceTree = "<group>"; };
		D0FCF64E1C36E01F00C8EF98 /* Bomb.swift */ = {isa = PBXFileReference; fileEncoding = 4; lastKnownFileType = sourcecode.swift; path = Bomb.swift; sourceTree = "<group>"; };
		D0FCF6521C36FD3500C8EF98 /* bomb@3x.png */ = {isa = PBXFileReference; lastKnownFileType = image.png; path = "bomb@3x.png"; sourceTree = "<group>"; };
		D0FCF6541C3711BF00C8EF98 /* Base.swift */ = {isa = PBXFileReference; fileEncoding = 4; lastKnownFileType = sourcecode.swift; path = Base.swift; sourceTree = "<group>"; };
		D0FCF6561C38859D00C8EF98 /* gun@3x.png */ = {isa = PBXFileReference; lastKnownFileType = image.png; path = "gun@3x.png"; sourceTree = "<group>"; };
		D0FCF6581C39B8AF00C8EF98 /* restart@3x.png */ = {isa = PBXFileReference; lastKnownFileType = image.png; path = "restart@3x.png"; sourceTree = "<group>"; };
		D0FCF65A1C39CD0500C8EF98 /* BaseHealthBar.swift */ = {isa = PBXFileReference; fileEncoding = 4; lastKnownFileType = sourcecode.swift; path = BaseHealthBar.swift; sourceTree = "<group>"; };
/* End PBXFileReference section */

/* Begin PBXFrameworksBuildPhase section */
		D06D72A21C285FC100119636 /* Frameworks */ = {
			isa = PBXFrameworksBuildPhase;
			buildActionMask = 2147483647;
			files = (
			);
			runOnlyForDeploymentPostprocessing = 0;
		};
		D06D72BA1C285FC100119636 /* Frameworks */ = {
			isa = PBXFrameworksBuildPhase;
			buildActionMask = 2147483647;
			files = (
			);
			runOnlyForDeploymentPostprocessing = 0;
		};
/* End PBXFrameworksBuildPhase section */

/* Begin PBXGroup section */
		D06D729C1C285FC100119636 = {
			isa = PBXGroup;
			children = (
				D06D72A71C285FC100119636 /* SkyDefender */,
				D06D72C01C285FC100119636 /* SkyDefenderTests */,
				D06D72A61C285FC100119636 /* Products */,
			);
			sourceTree = "<group>";
		};
		D06D72A61C285FC100119636 /* Products */ = {
			isa = PBXGroup;
			children = (
				D06D72A51C285FC100119636 /* SkyDefender.app */,
				D06D72BD1C285FC100119636 /* SkyDefenderTests.xctest */,
			);
			name = Products;
			sourceTree = "<group>";
		};
		D06D72A71C285FC100119636 /* SkyDefender */ = {
			isa = PBXGroup;
			children = (
				D06D72CC1C28604300119636 /* app-images */,
				D06D72A81C285FC100119636 /* AppDelegate.swift */,
				D06D72AC1C285FC100119636 /* LoadingScene.swift */,
				D06D72D31C287EA800119636 /* LevelScene.swift */,
				D06495521C3ECA1C00F086F5 /* LevelStats.swift */,
				D03329B21C2B1B5E00540124 /* Gun.swift */,
				D0FCF6541C3711BF00C8EF98 /* Base.swift */,
				D03329C61C2B919B00540124 /* Missle.swift */,
				D0C900F41C28E9DA00E4BA73 /* PauseModal.swift */,
				D0FCF65A1C39CD0500C8EF98 /* BaseHealthBar.swift */,
				D06495501C3EC9D000F086F5 /* LevelScore.swift */,
				D06D72CF1C28646000119636 /* LevelSelectScene.swift */,
				D06D72D51C28831800119636 /* Level.swift */,
				D06D72D11C287C1400119636 /* Util.swift */,
				D0F495281C32E30900B68198 /* MovingBodyTrait.swift */,
				D0BC757C1C42010E002A6FB9 /* PointTrait.swift */,
				D0F495241C31E27200B68198 /* Plane.swift */,
				D0FCF64E1C36E01F00C8EF98 /* Bomb.swift */,
				D0F4952E1C35E2C000B68198 /* LevelPlane.swift */,
				D0F4952A1C34384900B68198 /* Life.swift */,
				D0F4952C1C343F1900B68198 /* Explosion.swift */,
				D03329C81C2CA13700540124 /* CollisionCategories.swift */,
				D06D72AE1C285FC100119636 /* GameViewController.swift */,
				D06D72B01C285FC100119636 /* Main.storyboard */,
				D06D72B31C285FC100119636 /* Assets.xcassets */,
				D06D72B51C285FC100119636 /* LaunchScreen.storyboard */,
				D06D72B81C285FC100119636 /* Info.plist */,
			);
			path = SkyDefender;
			sourceTree = "<group>";
		};
		D06D72C01C285FC100119636 /* SkyDefenderTests */ = {
			isa = PBXGroup;
			children = (
				D06D72C11C285FC100119636 /* SkyDefenderTests.swift */,
				D06D72C31C285FC200119636 /* Info.plist */,
			);
			path = SkyDefenderTests;
			sourceTree = "<group>";
		};
		D06D72CC1C28604300119636 /* app-images */ = {
			isa = PBXGroup;
			children = (
				D03329B01C29CA8500540124 /* small-logo@3x.png */,
				D03329A61C29BC9100540124 /* list@3x.png */,
				D03329C21C2B402D00540124 /* base@3x.png */,
				D0FCF6561C38859D00C8EF98 /* gun@3x.png */,
				D0F495261C31E3AE00B68198 /* plane@3x.png */,
				D064954E1C3EC8E800F086F5 /* pause-button@3x.png */,
				D0FCF6521C36FD3500C8EF98 /* bomb@3x.png */,
				D03329C41C2B430D00540124 /* dark-forest@2x.png */,
				D0FCF6581C39B8AF00C8EF98 /* restart@3x.png */,
				D03329AC1C29C6DE00540124 /* close-button@3x.png */,
				D06D72CD1C28610E00119636 /* splash-image@3x.png */,
			);
			name = "app-images";
			sourceTree = "<group>";
		};
/* End PBXGroup section */

/* Begin PBXNativeTarget section */
		D06D72A41C285FC100119636 /* SkyDefender */ = {
			isa = PBXNativeTarget;
			buildConfigurationList = D06D72C61C285FC200119636 /* Build configuration list for PBXNativeTarget "SkyDefender" */;
			buildPhases = (
				D06D72A11C285FC100119636 /* Sources */,
				D06D72A21C285FC100119636 /* Frameworks */,
				D06D72A31C285FC100119636 /* Resources */,
			);
			buildRules = (
			);
			dependencies = (
			);
			name = SkyDefender;
			productName = SkyDefender;
			productReference = D06D72A51C285FC100119636 /* SkyDefender.app */;
			productType = "com.apple.product-type.application";
		};
		D06D72BC1C285FC100119636 /* SkyDefenderTests */ = {
			isa = PBXNativeTarget;
			buildConfigurationList = D06D72C91C285FC200119636 /* Build configuration list for PBXNativeTarget "SkyDefenderTests" */;
			buildPhases = (
				D06D72B91C285FC100119636 /* Sources */,
				D06D72BA1C285FC100119636 /* Frameworks */,
				D06D72BB1C285FC100119636 /* Resources */,
			);
			buildRules = (
			);
			dependencies = (
				D06D72BF1C285FC100119636 /* PBXTargetDependency */,
			);
			name = SkyDefenderTests;
			productName = SkyDefenderTests;
			productReference = D06D72BD1C285FC100119636 /* SkyDefenderTests.xctest */;
			productType = "com.apple.product-type.bundle.unit-test";
		};
/* End PBXNativeTarget section */

/* Begin PBXProject section */
		D06D729D1C285FC100119636 /* Project object */ = {
			isa = PBXProject;
			attributes = {
				LastSwiftUpdateCheck = 0720;
				LastUpgradeCheck = 0720;
				ORGANIZATIONNAME = "Tim Perkins";
				TargetAttributes = {
					D06D72A41C285FC100119636 = {
						CreatedOnToolsVersion = 7.2;
						DevelopmentTeam = AGXK2XCS43;
					};
					D06D72BC1C285FC100119636 = {
						CreatedOnToolsVersion = 7.2;
						DevelopmentTeam = AGXK2XCS43;
						TestTargetID = D06D72A41C285FC100119636;
					};
				};
			};
			buildConfigurationList = D06D72A01C285FC100119636 /* Build configuration list for PBXProject "SkyDefender" */;
			compatibilityVersion = "Xcode 3.2";
			developmentRegion = English;
			hasScannedForEncodings = 0;
			knownRegions = (
				en,
				Base,
			);
			mainGroup = D06D729C1C285FC100119636;
			productRefGroup = D06D72A61C285FC100119636 /* Products */;
			projectDirPath = "";
			projectRoot = "";
			targets = (
				D06D72A41C285FC100119636 /* SkyDefender */,
				D06D72BC1C285FC100119636 /* SkyDefenderTests */,
			);
		};
/* End PBXProject section */

/* Begin PBXResourcesBuildPhase section */
		D06D72A31C285FC100119636 /* Resources */ = {
			isa = PBXResourcesBuildPhase;
			buildActionMask = 2147483647;
			files = (
				D0FCF6571C38859D00C8EF98 /* gun@3x.png in Resources */,
				D03329B11C29CA8500540124 /* small-logo@3x.png in Resources */,
				D0F495271C31E3AE00B68198 /* plane@3x.png in Resources */,
				D03329C31C2B402D00540124 /* base@3x.png in Resources */,
				D03329C51C2B430D00540124 /* dark-forest@2x.png in Resources */,
				D03329AD1C29C6DE00540124 /* close-button@3x.png in Resources */,
				D064954F1C3EC8E800F086F5 /* pause-button@3x.png in Resources */,
				D06D72CE1C28610E00119636 /* splash-image@3x.png in Resources */,
				D06D72B71C285FC100119636 /* LaunchScreen.storyboard in Resources */,
				D0FCF6591C39B8AF00C8EF98 /* restart@3x.png in Resources */,
				D06D72B41C285FC100119636 /* Assets.xcassets in Resources */,
				D03329A71C29BC9100540124 /* list@3x.png in Resources */,
				D0FCF6531C36FD3500C8EF98 /* bomb@3x.png in Resources */,
				D06D72B21C285FC100119636 /* Main.storyboard in Resources */,
			);
			runOnlyForDeploymentPostprocessing = 0;
		};
		D06D72BB1C285FC100119636 /* Resources */ = {
			isa = PBXResourcesBuildPhase;
			buildActionMask = 2147483647;
			files = (
			);
			runOnlyForDeploymentPostprocessing = 0;
		};
/* End PBXResourcesBuildPhase section */

/* Begin PBXSourcesBuildPhase section */
		D06D72A11C285FC100119636 /* Sources */ = {
			isa = PBXSourcesBuildPhase;
			buildActionMask = 2147483647;
			files = (
				D06D72AD1C285FC100119636 /* LoadingScene.swift in Sources */,
				D03329B31C2B1B5E00540124 /* Gun.swift in Sources */,
				D03329C91C2CA13700540124 /* CollisionCategories.swift in Sources */,
				D0F495251C31E27200B68198 /* Plane.swift in Sources */,
				D0F495291C32E30900B68198 /* MovingBodyTrait.swift in Sources */,
				D0FCF64F1C36E01F00C8EF98 /* Bomb.swift in Sources */,
				D06495531C3ECA1C00F086F5 /* LevelStats.swift in Sources */,
				D06D72D61C28831800119636 /* Level.swift in Sources */,
				D0FCF65B1C39CD0500C8EF98 /* BaseHealthBar.swift in Sources */,
				D0BC757D1C42010E002A6FB9 /* PointTrait.swift in Sources */,
				D06D72AF1C285FC100119636 /* GameViewController.swift in Sources */,
				D0FCF6551C3711BF00C8EF98 /* Base.swift in Sources */,
				D06D72D21C287C1400119636 /* Util.swift in Sources */,
				D06495511C3EC9D000F086F5 /* LevelScore.swift in Sources */,
				D0F4952B1C34384900B68198 /* Life.swift in Sources */,
				D06D72D41C287EA800119636 /* LevelScene.swift in Sources */,
				D0F4952D1C343F1900B68198 /* Explosion.swift in Sources */,
				D0F4952F1C35E2C000B68198 /* LevelPlane.swift in Sources */,
				D06D72A91C285FC100119636 /* AppDelegate.swift in Sources */,
				D03329C71C2B919B00540124 /* Missle.swift in Sources */,
				D0C900F51C28E9DA00E4BA73 /* PauseModal.swift in Sources */,
				D06D72D01C28646000119636 /* LevelSelectScene.swift in Sources */,
			);
			runOnlyForDeploymentPostprocessing = 0;
		};
		D06D72B91C285FC100119636 /* Sources */ = {
			isa = PBXSourcesBuildPhase;
			buildActionMask = 2147483647;
			files = (
				D06D72C21C285FC100119636 /* SkyDefenderTests.swift in Sources */,
			);
			runOnlyForDeploymentPostprocessing = 0;
		};
/* End PBXSourcesBuildPhase section */

/* Begin PBXTargetDependency section */
		D06D72BF1C285FC100119636 /* PBXTargetDependency */ = {
			isa = PBXTargetDependency;
			target = D06D72A41C285FC100119636 /* SkyDefender */;
			targetProxy = D06D72BE1C285FC100119636 /* PBXContainerItemProxy */;
		};
/* End PBXTargetDependency section */

/* Begin PBXVariantGroup section */
		D06D72B01C285FC100119636 /* Main.storyboard */ = {
			isa = PBXVariantGroup;
			children = (
				D06D72B11C285FC100119636 /* Base */,
			);
			name = Main.storyboard;
			sourceTree = "<group>";
		};
		D06D72B51C285FC100119636 /* LaunchScreen.storyboard */ = {
			isa = PBXVariantGroup;
			children = (
				D06D72B61C285FC100119636 /* Base */,
			);
			name = LaunchScreen.storyboard;
			sourceTree = "<group>";
		};
/* End PBXVariantGroup section */

/* Begin XCBuildConfiguration section */
		D06D72C41C285FC200119636 /* Debug */ = {
			isa = XCBuildConfiguration;
			buildSettings = {
				ALWAYS_SEARCH_USER_PATHS = NO;
				CLANG_CXX_LANGUAGE_STANDARD = "gnu++0x";
				CLANG_CXX_LIBRARY = "libc++";
				CLANG_ENABLE_MODULES = YES;
				CLANG_ENABLE_OBJC_ARC = YES;
				CLANG_WARN_BOOL_CONVERSION = YES;
				CLANG_WARN_CONSTANT_CONVERSION = YES;
				CLANG_WARN_DIRECT_OBJC_ISA_USAGE = YES_ERROR;
				CLANG_WARN_EMPTY_BODY = YES;
				CLANG_WARN_ENUM_CONVERSION = YES;
				CLANG_WARN_INT_CONVERSION = YES;
				CLANG_WARN_OBJC_ROOT_CLASS = YES_ERROR;
				CLANG_WARN_UNREACHABLE_CODE = YES;
				CLANG_WARN__DUPLICATE_METHOD_MATCH = YES;
				"CODE_SIGN_IDENTITY[sdk=iphoneos*]" = "iPhone Developer";
				COPY_PHASE_STRIP = NO;
				DEBUG_INFORMATION_FORMAT = "dwarf-with-dsym";
				ENABLE_STRICT_OBJC_MSGSEND = YES;
				ENABLE_TESTABILITY = YES;
				GCC_C_LANGUAGE_STANDARD = gnu99;
				GCC_DYNAMIC_NO_PIC = NO;
				GCC_NO_COMMON_BLOCKS = YES;
				GCC_OPTIMIZATION_LEVEL = 0;
				GCC_PREPROCESSOR_DEFINITIONS = (
					"DEBUG=1",
					"$(inherited)",
				);
				GCC_WARN_64_TO_32_BIT_CONVERSION = YES;
				GCC_WARN_ABOUT_RETURN_TYPE = YES_ERROR;
				GCC_WARN_UNDECLARED_SELECTOR = YES;
				GCC_WARN_UNINITIALIZED_AUTOS = YES_AGGRESSIVE;
				GCC_WARN_UNUSED_FUNCTION = YES;
				GCC_WARN_UNUSED_VARIABLE = YES;
				IPHONEOS_DEPLOYMENT_TARGET = 9.2;
				MTL_ENABLE_DEBUG_INFO = YES;
				ONLY_ACTIVE_ARCH = YES;
				SDKROOT = iphoneos;
				SWIFT_OPTIMIZATION_LEVEL = "-Onone";
				TARGETED_DEVICE_FAMILY = "1,2";
			};
			name = Debug;
		};
		D06D72C51C285FC200119636 /* Release */ = {
			isa = XCBuildConfiguration;
			buildSettings = {
				ALWAYS_SEARCH_USER_PATHS = NO;
				CLANG_CXX_LANGUAGE_STANDARD = "gnu++0x";
				CLANG_CXX_LIBRARY = "libc++";
				CLANG_ENABLE_MODULES = YES;
				CLANG_ENABLE_OBJC_ARC = YES;
				CLANG_WARN_BOOL_CONVERSION = YES;
				CLANG_WARN_CONSTANT_CONVERSION = YES;
				CLANG_WARN_DIRECT_OBJC_ISA_USAGE = YES_ERROR;
				CLANG_WARN_EMPTY_BODY = YES;
				CLANG_WARN_ENUM_CONVERSION = YES;
				CLANG_WARN_INT_CONVERSION = YES;
				CLANG_WARN_OBJC_ROOT_CLASS = YES_ERROR;
				CLANG_WARN_UNREACHABLE_CODE = YES;
				CLANG_WARN__DUPLICATE_METHOD_MATCH = YES;
				"CODE_SIGN_IDENTITY[sdk=iphoneos*]" = "iPhone Developer";
				COPY_PHASE_STRIP = NO;
				DEBUG_INFORMATION_FORMAT = "dwarf-with-dsym";
				ENABLE_NS_ASSERTIONS = NO;
				ENABLE_STRICT_OBJC_MSGSEND = YES;
				GCC_C_LANGUAGE_STANDARD = gnu99;
				GCC_NO_COMMON_BLOCKS = YES;
				GCC_WARN_64_TO_32_BIT_CONVERSION = YES;
				GCC_WARN_ABOUT_RETURN_TYPE = YES_ERROR;
				GCC_WARN_UNDECLARED_SELECTOR = YES;
				GCC_WARN_UNINITIALIZED_AUTOS = YES_AGGRESSIVE;
				GCC_WARN_UNUSED_FUNCTION = YES;
				GCC_WARN_UNUSED_VARIABLE = YES;
				IPHONEOS_DEPLOYMENT_TARGET = 9.2;
				MTL_ENABLE_DEBUG_INFO = NO;
				SDKROOT = iphoneos;
				TARGETED_DEVICE_FAMILY = "1,2";
				VALIDATE_PRODUCT = YES;
			};
			name = Release;
		};
		D06D72C71C285FC200119636 /* Debug */ = {
			isa = XCBuildConfiguration;
			buildSettings = {
				ASSETCATALOG_COMPILER_APPICON_NAME = AppIcon;
				INFOPLIST_FILE = SkyDefender/Info.plist;
				LD_RUNPATH_SEARCH_PATHS = "$(inherited) @executable_path/Frameworks";
				PRODUCT_BUNDLE_IDENTIFIER = com.example.SkyDefender;
				PRODUCT_NAME = "$(TARGET_NAME)";
			};
			name = Debug;
		};
		D06D72C81C285FC200119636 /* Release */ = {
			isa = XCBuildConfiguration;
			buildSettings = {
				ASSETCATALOG_COMPILER_APPICON_NAME = AppIcon;
				INFOPLIST_FILE = SkyDefender/Info.plist;
				LD_RUNPATH_SEARCH_PATHS = "$(inherited) @executable_path/Frameworks";
				PRODUCT_BUNDLE_IDENTIFIER = com.example.SkyDefender;
				PRODUCT_NAME = "$(TARGET_NAME)";
			};
			name = Release;
		};
		D06D72CA1C285FC200119636 /* Debug */ = {
			isa = XCBuildConfiguration;
			buildSettings = {
				BUNDLE_LOADER = "$(TEST_HOST)";
				DEBUG_INFORMATION_FORMAT = dwarf;
				INFOPLIST_FILE = SkyDefenderTests/Info.plist;
				LD_RUNPATH_SEARCH_PATHS = "$(inherited) @executable_path/Frameworks @loader_path/Frameworks";
				PRODUCT_BUNDLE_IDENTIFIER = com.example.SkyDefenderTests;
				PRODUCT_NAME = "$(TARGET_NAME)";
				TEST_HOST = "$(BUILT_PRODUCTS_DIR)/SkyDefender.app/SkyDefender";
			};
			name = Debug;
		};
		D06D72CB1C285FC200119636 /* Release */ = {
			isa = XCBuildConfiguration;
			buildSettings = {
				BUNDLE_LOADER = "$(TEST_HOST)";
				INFOPLIST_FILE = SkyDefenderTests/Info.plist;
				LD_RUNPATH_SEARCH_PATHS = "$(inherited) @executable_path/Frameworks @loader_path/Frameworks";
				PRODUCT_BUNDLE_IDENTIFIER = com.example.SkyDefenderTests;
				PRODUCT_NAME = "$(TARGET_NAME)";
				TEST_HOST = "$(BUILT_PRODUCTS_DIR)/SkyDefender.app/SkyDefender";
			};
			name = Release;
		};
/* End XCBuildConfiguration section */

/* Begin XCConfigurationList section */
		D06D72A01C285FC100119636 /* Build configuration list for PBXProject "SkyDefender" */ = {
			isa = XCConfigurationList;
			buildConfigurations = (
				D06D72C41C285FC200119636 /* Debug */,
				D06D72C51C285FC200119636 /* Release */,
			);
			defaultConfigurationIsVisible = 0;
			defaultConfigurationName = Release;
		};
		D06D72C61C285FC200119636 /* Build configuration list for PBXNativeTarget "SkyDefender" */ = {
			isa = XCConfigurationList;
			buildConfigurations = (
				D06D72C71C285FC200119636 /* Debug */,
				D06D72C81C285FC200119636 /* Release */,
			);
			defaultConfigurationIsVisible = 0;
			defaultConfigurationName = Release;
		};
		D06D72C91C285FC200119636 /* Build configuration list for PBXNativeTarget "SkyDefenderTests" */ = {
			isa = XCConfigurationList;
			buildConfigurations = (
				D06D72CA1C285FC200119636 /* Debug */,
				D06D72CB1C285FC200119636 /* Release */,
			);
			defaultConfigurationIsVisible = 0;
			defaultConfigurationName = Release;
		};
/* End XCConfigurationList section */
	};
	rootObject = D06D729D1C285FC100119636 /* Project object */;
}
